{
  "name": "@rbxts/roact-hooks",
  "version": "0.3.0-ts.1",
  "lockfileVersion": 1,
  "requires": true,
  "dependencies": {
    "@rbxts/compiler-types": {
      "version": "1.1.1-types.3",
      "resolved": "https://registry.npmjs.org/@rbxts/compiler-types/-/compiler-types-1.1.1-types.3.tgz",
      "integrity": "sha512-jTY9zvwALZOgbfQX6nKazV3clsYds2kO5BIb7KQw7nNq3cibhs0aO8Zy0ePr86IVhZfPe3eQLiioROuOY2y/1g==",
      "dev": true
    },
    "@rbxts/roact": {
      "version": "1.4.0-ts.0",
      "resolved": "https://registry.npmjs.org/@rbxts/roact/-/roact-1.4.0-ts.0.tgz",
      "integrity": "sha512-n+ORC8E9ql59SkdYWBmWxgv9OAVN+2WztOmq+te0Yd4hYJqzB24CgrUmMUn96BwEww7t2MCWzxF7xMKcLPYVdw==",
      "dev": true
    },
    "@rbxts/types": {
      "version": "1.0.495",
      "resolved": "https://registry.npmjs.org/@rbxts/types/-/types-1.0.495.tgz",
      "integrity": "sha512-/Tfty292zlnSR9qxvqRxvOIs0U/jF1oeCi38gj8qonDEl+9kar35Vwz8sdPIfYf4Gv1ASZdhemNwVUuHpW6uFw==",
      "dev": true
    }
  }
}
