{
  "name": "@rbxts/roact-hooks",
  "version": "0.1.1-ts.1",
  "lockfileVersion": 1,
  "requires": true,
  "dependencies": {
    "@rbxts/compiler-types": {
      "version": "1.1.1-types.3",
      "resolved": "https://registry.npmjs.org/@rbxts/compiler-types/-/compiler-types-1.1.1-types.3.tgz",
      "integrity": "sha512-jTY9zvwALZOgbfQX6nKazV3clsYds2kO5BIb7KQw7nNq3cibhs0aO8Zy0ePr86IVhZfPe3eQLiioROuOY2y/1g==",
      "dev": true
    },
    "@rbxts/roact": {
      "version": "1.3.0-ts.14",
      "resolved": "https://registry.npmjs.org/@rbxts/roact/-/roact-1.3.0-ts.14.tgz",
      "integrity": "sha512-gyv8xWWzD0tbn1qTfjPatW5svMMu2a4f8LwQE/2ufmYMyMnqLUZTjqnd/G7SobGTU3y5SjN8XWXZAkeziQt2Dg==",
      "dev": true
    },
    "@rbxts/types": {
      "version": "1.0.495",
      "resolved": "https://registry.npmjs.org/@rbxts/types/-/types-1.0.495.tgz",
      "integrity": "sha512-/Tfty292zlnSR9qxvqRxvOIs0U/jF1oeCi38gj8qonDEl+9kar35Vwz8sdPIfYf4Gv1ASZdhemNwVUuHpW6uFw==",
      "dev": true
    }
  }
}
